
Microsoft Visual Studio Solution File, Format Version 12.00
# Visual Studio Version 17
VisualStudioVersion = 17.1.32407.343
MinimumVisualStudioVersion = 10.0.40219.1
Project("{9A19103F-16F7-4668-BE54-9A1E7A4F7556}") = "Portals", "Portals\Portals.csproj", "{FD4CE20D-7E75-471E-B728-09D9B59CA474}"
EndProject
Project("{00D1A9C2-B5F0-4AF3-8072-F6C62B433612}") = "Portals.Database", "Portals.Database\Portals.Database.sqlproj", "{F08A48CF-B6F8-4653-A864-2052DE48B248}"
EndProject
Global
	GlobalSection(SolutionConfigurationPlatforms) = preSolution
		Debug|Any CPU = Debug|Any CPU
		Release|Any CPU = Release|Any CPU
	EndGlobalSection
	GlobalSection(ProjectConfigurationPlatforms) = postSolution
		{FD4CE20D-7E75-471E-B728-09D9B59CA474}.Debug|Any CPU.ActiveCfg = Debug|Any CPU
		{FD4CE20D-7E75-471E-B728-09D9B59CA474}.Debug|Any CPU.Build.0 = Debug|Any CPU
		{FD4CE20D-7E75-471E-B728-09D9B59CA474}.Release|Any CPU.ActiveCfg = Release|Any CPU
		{FD4CE20D-7E75-471E-B728-09D9B59CA474}.Release|Any CPU.Build.0 = Release|Any CPU
		{F08A48CF-B6F8-4653-A864-2052DE48B248}.Debug|Any CPU.ActiveCfg = Debug|Any CPU
		{F08A48CF-B6F8-4653-A864-2052DE48B248}.Debug|Any CPU.Build.0 = Debug|Any CPU
		{F08A48CF-B6F8-4653-A864-2052DE48B248}.Debug|Any CPU.Deploy.0 = Debug|Any CPU
		{F08A48CF-B6F8-4653-A864-2052DE48B248}.Release|Any CPU.ActiveCfg = Release|Any CPU
		{F08A48CF-B6F8-4653-A864-2052DE48B248}.Release|Any CPU.Build.0 = Release|Any CPU
		{F08A48CF-B6F8-4653-A864-2052DE48B248}.Release|Any CPU.Deploy.0 = Release|Any CPU
	EndGlobalSection
	GlobalSection(SolutionProperties) = preSolution
		HideSolutionNode = FALSE
	EndGlobalSection
	GlobalSection(ExtensibilityGlobals) = postSolution
		SolutionGuid = {28669BDB-A202-45E9-8429-618E6ECC8308}
	EndGlobalSection
EndGlobal
